
Microsoft Visual Studio Solution File, Format Version 12.00
# Visual Studio Version 17
VisualStudioVersion = 17.1.32210.238
MinimumVisualStudioVersion = 10.0.40219.1
Project("{FAE04EC0-301F-11D3-BF4B-00C04F79EFBC}") = "Stage1Test", "Stage1Test.csproj", "{041E9A6D-8D6A-4CE6-8E7A-B2ED42775830}"
EndProject
Global
	GlobalSection(SolutionConfigurationPlatforms) = preSolution
		Debug|Any CPU = Debug|Any CPU
		Release|Any CPU = Release|Any CPU
	EndGlobalSection
	GlobalSection(ProjectConfigurationPlatforms) = postSolution
		{041E9A6D-8D6A-4CE6-8E7A-B2ED42775830}.Debug|Any CPU.ActiveCfg = Debug|Any CPU
		{041E9A6D-8D6A-4CE6-8E7A-B2ED42775830}.Debug|Any CPU.Build.0 = Debug|Any CPU
		{041E9A6D-8D6A-4CE6-8E7A-B2ED42775830}.Release|Any CPU.ActiveCfg = Release|Any CPU
		{041E9A6D-8D6A-4CE6-8E7A-B2ED42775830}.Release|Any CPU.Build.0 = Release|Any CPU
	EndGlobalSection
	GlobalSection(SolutionProperties) = preSolution
		HideSolutionNode = FALSE
	EndGlobalSection
	GlobalSection(ExtensibilityGlobals) = postSolution
		SolutionGuid = {6DE71FD0-3C85-42F1-B8E3-1F5ED562E5A0}
	EndGlobalSection
EndGlobal
